{
  "version": 4,
  "terraform_version": "1.13.3",
  "serial": 31,
  "lineage": "6366e6ae-88fa-1a4d-e6ca-ff7faea07018",
  "outputs": {
    "acr_login_server": {
      "value": "cloudprojdevacr.azurecr.io",
      "type": "string"
    },
    "aks_fqdn": {
      "value": "cloudproj-dev-aks-kh1aky7o.hcp.australiacentral.azmk8s.io",
      "type": "string"
    },
    "aks_name": {
      "value": "cloudproj-dev-aks",
      "type": "string"
    },
    "keyvault_uri": {
      "value": "https://cloudproj-dev-kv.vault.azure.net/",
      "type": "string"
    },
    "mysql_fqdn": {
      "value": "cloudproj-dev-mysql.mysql.database.azure.com",
      "type": "string"
    },
    "subnet_ids": {
      "value": {
        "aks": "/subscriptions/1121971d-0bc1-4f7c-8422-ce56228056d2/resourceGroups/cloudproj-dev-rg/providers/Microsoft.Network/virtualNetworks/cloudproj-dev-vnet/subnets/aks",
        "database": "/subscriptions/1121971d-0bc1-4f7c-8422-ce56228056d2/resourceGroups/cloudproj-dev-rg/providers/Microsoft.Network/virtualNetworks/cloudproj-dev-vnet/subnets/database",
        "public1": "/subscriptions/1121971d-0bc1-4f7c-8422-ce56228056d2/resourceGroups/cloudproj-dev-rg/providers/Microsoft.Network/virtualNetworks/cloudproj-dev-vnet/subnets/public1",
        "public2": "/subscriptions/1121971d-0bc1-4f7c-8422-ce56228056d2/resourceGroups/cloudproj-dev-rg/providers/Microsoft.Network/virtualNetworks/cloudproj-dev-vnet/subnets/public2"
      },
      "type": [
        "object",
        {
          "aks": "string",
          "database": "string",
          "public1": "string",
          "public2": "string"
        }
      ]
    },
    "vnet_id": {
      "value": "/subscriptions/1121971d-0bc1-4f7c-8422-ce56228056d2/resourceGroups/cloudproj-dev-rg/providers/Microsoft.Network/virtualNetworks/cloudproj-dev-vnet",
      "type": "string"
    }
  },
  "resources": [
    {
      "module": "module.acr",
      "mode": "managed",
      "type": "azurerm_container_registry",
      "name": "acr",
      "provider": "provider[\"registry.terraform.io/hashicorp/azurerm\"]",
      "instances": [
        {
          "schema_version": 2,
          "attributes": {
            "admin_enabled": false,
            "admin_password": "",
            "admin_username": "",
            "anonymous_pull_enabled": false,
            "data_endpoint_enabled": false,
            "data_endpoint_host_names": [],
            "encryption": [],
            "export_policy_enabled": true,
            "georeplications": [],
            "id": "/subscriptions/1121971d-0bc1-4f7c-8422-ce56228056d2/resourceGroups/cloudproj-dev-rg/providers/Microsoft.ContainerRegistry/registries/cloudprojdevacr",
            "identity": [],
            "location": "australiacentral",
            "login_server": "cloudprojdevacr.azurecr.io",
            "name": "cloudprojdevacr",
            "network_rule_bypass_option": "AzureServices",
            "network_rule_set": [],
            "public_network_access_enabled": true,
            "quarantine_policy_enabled": false,
            "resource_group_name": "cloudproj-dev-rg",
            "retention_policy_in_days": 0,
            "sku": "Standard",
            "tags": {
              "environment": "dev",
              "project": "cloudproj"
            },
            "timeouts": null,
            "trust_policy_enabled": false,
            "zone_redundancy_enabled": false
          },
          "sensitive_attributes": [
            [
              {
                "type": "get_attr",
                "value": "admin_password"
              }
            ]
          ],
          "identity_schema_version": 0,
          "private": "eyJlMmJmYjczMC1lY2FhLTExZTYtOGY4OC0zNDM2M2JjN2M0YzAiOnsiY3JlYXRlIjoxODAwMDAwMDAwMDAwLCJkZWxldGUiOjE4MDAwMDAwMDAwMDAsInJlYWQiOjMwMDAwMDAwMDAwMCwidXBkYXRlIjoxODAwMDAwMDAwMDAwfSwic2NoZW1hX3ZlcnNpb24iOiIyIn0=",
          "dependencies": [
            "module.network.azurerm_resource_group.rg"
          ]
        }
      ]
    },
    {
      "module": "module.aks",
      "mode": "managed",
      "type": "azurerm_kubernetes_cluster",
      "name": "aks",
      "provider": "provider[\"registry.terraform.io/hashicorp/azurerm\"]",
      "instances": [
        {
          "schema_version": 2,
          "attributes": {
            "aci_connector_linux": [],
            "ai_toolchain_operator_enabled": false,
            "api_server_access_profile": [],
            "auto_scaler_profile": [
              {
                "balance_similar_node_groups": false,
                "daemonset_eviction_for_empty_nodes_enabled": false,
                "daemonset_eviction_for_occupied_nodes_enabled": true,
                "empty_bulk_delete_max": "10",
                "expander": "random",
                "ignore_daemonsets_utilization_enabled": false,
                "max_graceful_termination_sec": "600",
                "max_node_provisioning_time": "15m",
                "max_unready_nodes": 3,
                "max_unready_percentage": 45,
                "new_pod_scale_up_delay": "0s",
                "scale_down_delay_after_add": "10m",
                "scale_down_delay_after_delete": "10s",
                "scale_down_delay_after_failure": "3m",
                "scale_down_unneeded": "10m",
                "scale_down_unready": "20m",
                "scale_down_utilization_threshold": "0.5",
                "scan_interval": "10s",
                "skip_nodes_with_local_storage": false,
                "skip_nodes_with_system_pods": true
              }
            ],
            "automatic_upgrade_channel": "",
            "azure_active_directory_role_based_access_control": [],
            "azure_policy_enabled": true,
            "bootstrap_profile": [
              {
                "artifact_source": "Direct",
                "container_registry_id": ""
              }
            ],
            "confidential_computing": [],
            "cost_analysis_enabled": false,
            "current_kubernetes_version": "1.32.9",
            "custom_ca_trust_certificates_base64": null,
            "default_node_pool": [
              {
                "auto_scaling_enabled": true,
                "capacity_reservation_group_id": "",
                "fips_enabled": false,
                "gpu_driver": "",
                "gpu_instance": "",
                "host_encryption_enabled": false,
                "host_group_id": "",
                "kubelet_config": [],
                "kubelet_disk_type": "OS",
                "linux_os_config": [],
                "max_count": 5,
                "max_pods": 30,
                "min_count": 1,
                "name": "default",
                "node_count": 2,
                "node_labels": {},
                "node_network_profile": [],
                "node_public_ip_enabled": false,
                "node_public_ip_prefix_id": "",
                "only_critical_addons_enabled": false,
                "orchestrator_version": "1.32",
                "os_disk_size_gb": 128,
                "os_disk_type": "Managed",
                "os_sku": "Ubuntu",
                "pod_subnet_id": "",
                "proximity_placement_group_id": "",
                "scale_down_mode": "Delete",
                "snapshot_id": "",
                "tags": null,
                "temporary_name_for_rotation": "",
                "type": "VirtualMachineScaleSets",
                "ultra_ssd_enabled": false,
                "upgrade_settings": [
                  {
                    "drain_timeout_in_minutes": 0,
                    "max_surge": "10%",
                    "node_soak_duration_in_minutes": 0,
                    "undrainable_node_behavior": ""
                  }
                ],
                "vm_size": "Standard_D2s_v3",
                "vnet_subnet_id": "/subscriptions/1121971d-0bc1-4f7c-8422-ce56228056d2/resourceGroups/cloudproj-dev-rg/providers/Microsoft.Network/virtualNetworks/cloudproj-dev-vnet/subnets/aks",
                "workload_runtime": "",
                "zones": null
              }
            ],
            "disk_encryption_set_id": "",
            "dns_prefix": "cloudproj-dev-aks",
            "dns_prefix_private_cluster": "",
            "edge_zone": "",
            "fqdn": "cloudproj-dev-aks-kh1aky7o.hcp.australiacentral.azmk8s.io",
            "http_application_routing_enabled": false,
            "http_application_routing_zone_name": "",
            "http_proxy_config": [],
            "id": "/subscriptions/1121971d-0bc1-4f7c-8422-ce56228056d2/resourceGroups/cloudproj-dev-rg/providers/Microsoft.ContainerService/managedClusters/cloudproj-dev-aks",
            "identity": [
              {
                "identity_ids": null,
                "principal_id": "63a46b6b-eb64-4054-81ea-2918d74c873f",
                "tenant_id": "791ce3a2-af1e-47ab-b1ea-a811706e76d5",
                "type": "SystemAssigned"
              }
            ],
            "image_cleaner_enabled": null,
            "image_cleaner_interval_hours": null,
            "ingress_application_gateway": [],
            "key_management_service": [],
            "key_vault_secrets_provider": [],
            "kube_admin_config": [],
            "kube_admin_config_raw": "",
            "kube_config": [
              {
                "client_certificate": "LS0tLS1CRUdJTiBDRVJUSUZJQ0FURS0tLS0tCk1JSUZIakNDQXdhZ0F3SUJBZ0lSQU9PemRVY0pER3JBd1B4LzNNdmZ3QXN3RFFZSktvWklodmNOQVFFTEJRQXcKRFRFTE1Ba0dBMVVFQXhNQ1kyRXdIaGNOTWpVeE1USTRNREl5T1RFeFdoY05NamN4TVRJNE1ESXpPVEV4V2pBdwpNUmN3RlFZRFZRUUtFdzV6ZVhOMFpXMDZiV0Z6ZEdWeWN6RVZNQk1HQTFVRUF4TU1iV0Z6ZEdWeVkyeHBaVzUwCk1JSUNJakFOQmdrcWhraUc5dzBCQVFFRkFBT0NBZzhBTUlJQ0NnS0NBZ0VBbC9SeTNvOUxZaU9wKy9hRUFFeFEKcVJnYm42U25zQWYyUzRwVDRGK1RQejUvdDkwMkFtd1dnTWRUY0doSlNYWkVXWW9MNkppVkNoWmRiYnB3VWtRawpLS0E5dXVTOU5KU1BidGV0YW5PVnNhZjJMc1ZpMUZiS1FaT1ZVUGMyelBINm1QSGR5dzBlQ0FzbExKQmdzZCt1Cm80cW5YRktCa1JDL1RoTE9YOG5xbzY4c3ZrcU8vMHk0UHpscm5EbEhGSm91QzRMQVNZUjMyVXBuR2FKckUyTDQKc0RQc1RVMmpXMndUQmNwL3cxb2lHc3hCRFhsQXlGbjFjdUt0elF2OTN3K3o2Ylg0U2lQRlpsTllkbjdvMXNkLwo1bWdvM3hlZFh5dEFIcHpPQ1I1VTFiaG5YcDBsaG1lLzhzeXRRL0tSUWlXUkJoQThqRnhodjB1R0prbFVnYnVDCnJ2cXFPSDQ5bUV4WDdmbHdHOXgvd2FQbmFEeXJUdHJsMyt3bTQvankvWVhJdUI4SGdBNEVKbG9yQ0JoeDM5akYKUGo1OUl6VFdaYjZjYysxTmF0ZXNoQitRQXRsbEN6M1hjcC9yenU1eGtqZDRoYTZ2blNSUWF2eEZNdUgzYXNQLwpheVJULzRDSHlLRVNtdndPYXVFWGppdVYrRUFCSFk5SDhJN3ladk9YSE1qRmdTS0VjdXpCTmpxYnNOQnBHRlBkCkk5bXJmbGJwdWZ5QlFyVitPdHRJV01EYVBQSHNWcnJyakRGYWtHWGJnZHZ4Q1NHVXUwekpZdXRJaU9NMVVWa2gKdXU2dWo0aUkrNXQvaHJIbkVMaVp0SlZNaXh3eTRTL2hpTk9kZUxmRzN5M2lIZEMxSER0Tm0rWElINTgzeTBPUQpHNUFkMGc1NWp6L2MvTWVXalFLazBma0NBd0VBQWFOV01GUXdEZ1lEVlIwUEFRSC9CQVFEQWdXZ01CTUdBMVVkCkpRUU1NQW9HQ0NzR0FRVUZCd01DTUF3R0ExVWRFd0VCL3dRQ01BQXdId1lEVlIwakJCZ3dGb0FVd3V6M2NVU0wKT0dnRFJ3ZkpYMUNZeXc2R3UzVXdEUVlKS29aSWh2Y05BUUVMQlFBRGdnSUJBRndBSzk1M0ViWGtoMGN1bnlybQpOSXhHcEtyaEVLTWE4eWVBdXFPbWoxRUxqUTZVVjJiN0MvYjNnbVJkMXBCWnpoc3p3NzZPRkZUMGd1ZmRKQUZ1CkgybXVFSDFsVklYT01GVjB1dDBYTkU5dm52OStRUHlMbEtNZnBLeXVqRGdQbUZaUlUvSTlwamk4OStCMktyUG4KSkdrUW9oc0dubVpBMFdjRlhVYWlZOU41VVdTUThvUFJKZndkbDMyRGUwMDFSaEhwTEx1OThmWlFZMThQOTBBMAp1MFNDa29oeE1NWi84WHVwaFhqQmNBOWltV2VBWEdPcmRZSHlVUitNT0E4emtaSXhxWEdsMFpIWWVWR2tkNUdJCitUd1dNNmJKdHRkalVrL0dUVmZ6UEdnd1JHay84enpKSTV6WHIvblU5UThNODZhMElVbnRYZjZPcW50cjBCamEKdHJjRC9RbzgxMkcyeTlrTFRyc2NNcHdPcDBZdWRVTmlobTB2dy9jQjV6SWRSWVBSZVoxRWloMkJXMFlsQ3RiRgpLSENZU0JDWlZBaXZLQlliY0IzSVErVXZLTW90UVhZemsrSlJXd01QRWFWdU9lZFRVR2FxRXBhV0ZTNjd0Z1gzCmtLcFEyVWhYUkNrY2FWNDZsL3VxRTA4ZFpIakp2T1Y3b2Jyemk2T1o3UmtVSVVtRVpLMFdnK2F5c0VQeUlsT1oKelJBWkF3cU41djAzTlhpbnhFNXd3K1JYenV0cHJyVDRUU25oVWJYbTJROXUrRStKL1o0aFZ2UnZNRm04WVRCWApoZktwWVNYY2RacE1JTHE3ZFhjdnppYkowUkh0cXJ4bkM0YnJtakY2dW01Yk9vU0I0cmdCNGllN2dKelpQeThlCkw2bFE2MUNmSGQ4alpCMHJST0V1RlFyLwotLS0tLUVORCBDRVJUSUZJQ0FURS0tLS0tCg==",
                "client_key": "LS0tLS1CRUdJTiBSU0EgUFJJVkFURSBLRVktLS0tLQpNSUlKS0FJQkFBS0NBZ0VBbC9SeTNvOUxZaU9wKy9hRUFFeFFxUmdibjZTbnNBZjJTNHBUNEYrVFB6NS90OTAyCkFtd1dnTWRUY0doSlNYWkVXWW9MNkppVkNoWmRiYnB3VWtRa0tLQTl1dVM5TkpTUGJ0ZXRhbk9Wc2FmMkxzVmkKMUZiS1FaT1ZVUGMyelBINm1QSGR5dzBlQ0FzbExKQmdzZCt1bzRxblhGS0JrUkMvVGhMT1g4bnFvNjhzdmtxTwovMHk0UHpscm5EbEhGSm91QzRMQVNZUjMyVXBuR2FKckUyTDRzRFBzVFUyalcyd1RCY3AvdzFvaUdzeEJEWGxBCnlGbjFjdUt0elF2OTN3K3o2Ylg0U2lQRlpsTllkbjdvMXNkLzVtZ28zeGVkWHl0QUhwek9DUjVVMWJoblhwMGwKaG1lLzhzeXRRL0tSUWlXUkJoQThqRnhodjB1R0prbFVnYnVDcnZxcU9INDltRXhYN2Zsd0c5eC93YVBuYUR5cgpUdHJsMyt3bTQvankvWVhJdUI4SGdBNEVKbG9yQ0JoeDM5akZQajU5SXpUV1piNmNjKzFOYXRlc2hCK1FBdGxsCkN6M1hjcC9yenU1eGtqZDRoYTZ2blNSUWF2eEZNdUgzYXNQL2F5UlQvNENIeUtFU212d09hdUVYaml1VitFQUIKSFk5SDhJN3ladk9YSE1qRmdTS0VjdXpCTmpxYnNOQnBHRlBkSTltcmZsYnB1ZnlCUXJWK090dElXTURhUFBIcwpWcnJyakRGYWtHWGJnZHZ4Q1NHVXUwekpZdXRJaU9NMVVWa2h1dTZ1ajRpSSs1dC9ockhuRUxpWnRKVk1peHd5CjRTL2hpTk9kZUxmRzN5M2lIZEMxSER0Tm0rWElINTgzeTBPUUc1QWQwZzU1anovYy9NZVdqUUtrMGZrQ0F3RUEKQVFLQ0FnQWNBUk1DYlVvcFJnVlh5REMvbFZEd09OOHVacnY0dHg3dkFRbEFPcHo2ZE53NDJHM1J1SFhWT2Vibwp1bTkzT0hLVVJkcTMvUmJLaXlDZ3psRlE5L25wK3M0bG1XNDlPSHZPbzdUei8yVkJIb0ZDVVdKTFc4dGVsb0pZCkw1ZEw0ZlNiSjBnRzJkNEZBWGpTWTdGT1ZyanFydXoxR01lRUlwLy9GWHd2THhrdEhXV1RsRTRTUXVOWjA0MC8KZDFiZ055SHhRU0dLNnZ6amNORGJhcEZ0T3pvMXp2dm5xejFGNWY4RGZEUmJua3JXd1huanI4citvWVdZcktuMwpOaFNOZldsYzB3cDFMMjU3MHpSa2NqTWJFaDFDSzBRTkNWOFpZUEVxTXgvTmttZDBFODRKSTlEOG1qWkgydXk3CnJ3S1NQRFlqOWU0U3VCdlRrMm1mdUxmNFNNUm1qbHpvRHBDdDlqSUd1bW8yR0FETmdjTm0wSGFOUElTYmlKeEsKcWt4Y1dQSWJJMDNZS1k2b05SZ0tWdTBMeGdwS1M3QnpNTi9rRUt2ZlhzRnlTc3hzVFgvaVRqOExwYWgwZkRXeQpSOExUNVh5c0hlWE82Y2ZYUVRoUC9MRlZNc1BHQUk5VzhVY1BMN2dqMDF1WDhoTmFWVDZwM0pIL3FEVDlrL1NkCitNR3M5LzhDMlNaRDhsM1dsOTR0QnlaZ29GMStqWHdtZmErMXd6M2lsUURsTmViVlNSdmZoZis0TnlCcjAzMSsKZG42cnZEcGN2Wm5YcGo4OGpINGIrQlU0Qjh2azdOVDNnZkZnTFFGRWFYRE0rZkJIK01hZGZ3ZE1QUG5zT0NUTQp4aGU4WXZCMm1KZ3ZHbkZnZWFrcHNMMmZVak9MakVuSnFGbUJBSFdxclJQY29mVFoyUUtDQVFFQXhnTXJnalhPClZGVUoyQm5mNXVMb3ZGNXcxRDNaanF2ODZSZm95LzNjdmpHMXl5R0lhN3ZvTzY5VnFncUd4NzRKVG41QU51Mm0KVENRaHY2SGE5azNob3dycUdqODVRMHdBamVBajMyMDFwTjgvQjZ6UHJhMFNZOE1maFRCN2dUbTBTUG9aeDBVRwphMnpjTGMvRTZYc1RJQ0kvd1cxMllPK2VkSkkxUHQvSFYzQmhDQ1l2WmxWYzR4eHVxYVB3bWM4b0hibmc0MXBQCkEzbGxmMEg2RUpSZ21rSGxXWjFaYVpvVk8xRExrT1BxT0cwTGhQelliVWttanVwVUpERmU4Sks2bzA3QlJVL24KVitrZmNzQm1GRk9rL3NuZDhjaEV2dWtPaDFTdFVTOUEwQVh5eTdvM1FEZ1N4SVU1S1lndllmajltYVpUNDkwdQpyekh4N2Z6YXpBMzFmd0tDQVFFQXhIUmlhZTljU004Y3E2NTdWR0ZYTFBQU2ZQVlQvNEJoMGdRRVo0VXpxSXpLCmd0akxoSGJBTGltanlTMFdjbkVNNE5paG1MMnpjRVJaUHBFaFViRGtmYlB4WjZxTWtjdEltUTYxd0xKNEhzWXQKTktRckhUZ2Q4a0pnNnJlTWg2TW1OaFVGdDBTeTQ4M3hGNWY3TGk3NXlCSklUU2JVaVFHQ0hMUUF3ZWhDU2ZPYgpvSmpvNi82MndjRmVuRFRHbDh6UENIeStRLzQ5Yks1aFUzOE9sWFYxckE5bnlvUUVLc1Z0Tm9lTFdZcmxpTmw1CkdRcVI4azNHQXJKaWtSOS9yVEVCTmk1VC9NQU15NHd6REZjODZ2U1dTTlprcEZ2ZjRUZ0tBS01SZEZEeFJQVmIKdEZYcUk2UnFxODJlSkhxcFBQZWF4QWtRcXRIQzZjMXduWVZQNlgya2h3S0NBUUEyMkJuczdzby9RVzZBbEdvWApvVEdsT3VNMVpnd2tJQzdrd09LUjNiYU9WMlpxNU5iTVFEZUtrSDNCb3pqQmlqazVyRzVNeUhZUEVOTG9LUVJrCnhCMkM4enIwR2g3YUxPcmFZUUtPbDhrTDZXbWp6cEdYSVNDKzBRU2g5MU85N3lXb01OMkMrL05UUGN1ZVJMWGQKbFdFdXZVMjdYWDQwU3lvd1QyN0FBMnRMSkswN2ZKZ1VXQUJxUnkyL2Z0RGRTU3RyVUZpaG9CblNkSVZRUWczcApHYS9JQ2doa1VkaTZEeHRpV25hSG94ajBsLzlnemtlRHZZY1lmbjdmcDIwTVpSZWNzK3VFTHlWOGkrMVI4MGhTCnlQZ2lPZmRuU0hrQ0I3c21jS1d3bnMzczBEajNoSlJaRFM3bGo2RE5pQkxYcUFkVnoyUGM4UjVGR0NoU0tuN1AKbGU0eEFvSUJBUUNsUXU3REJPdVNDRUNySCtWNXowVUJlTDc2QlhxNjllblVQVExqVHNkdEk3cjhKWm5XL2ZxZgpHc0pBYXlCMTl5b0pQOU40NVNRODdoSlJNczlmcERvaWtLd2tNL0Y2ZUJMRFJ2K1ljY25nd1grbngrN0k3cnNxClg3S2Q0UGhqNWRnd0tMRWRRYnBuTG9pQSs0WCtqTi9zOFl4RzhzSloycDMwdld2aHN4dUlrRmk3MmNZZk9LL1AKQUhjeFdxZ3hiTVpBOG9jd05ZREFtMVVlWTBVR2I4QWtsUFVRQk14b21wcE1BK3d5MEVoVlBmVEVId00xWFQyVQphVEhIdVVLemxBVGI2azhXMFF3eWN1ZENtMlNRbGw2U09XQ0NieE0vcDkrcU40Tm9ZT3NGd28xNWY4aXVZUktuCklockZ2elg5SnFIWUJYUXk3ckJUOUZHbkFVMS9Nd1dqQW9JQkFDTWM2TUZIek1vVGZ0eHVZTitCdUdNSjRUYkIKeUFrc24vVElmczVwSEdJZExCdGhQaUVVN080azFLcTRHbDU0OHc3N1dHZ05lVHQ5cDBYNGkycGpJTU02Ni9qaQo1L2pKV2JneW1iUUVVSzhuYmdQUGpnakpGM2xHdWJWWWY3RmxUbnNHNWxXaERVdXM4YmJSYi9lanJ6Mk5HNVRpClZidWlOWWVaQW9aMlZmYWV5azVacG5ubE1EQnArd0Y4RjVwc2kvdTRHQ0tnekxTTmxrVmttZWhGRTBmQ2RXc3EKSG16cWROdURISkhISFNOdjkxZnB0SmRwWUhXcE9uTG54aHFiUmZEbXVKVlY1ci9idFJMN0haWDhNOFVxY3pNSworeVkxMWtHOG81dVBMb1hhK2FRbGRHTUNMVVJZWXJUbHc1MGhiMldOSzZBWW1lUktSUHVoNDdiY2Jvdz0KLS0tLS1FTkQgUlNBIFBSSVZBVEUgS0VZLS0tLS0K",
                "cluster_ca_certificate": "LS0tLS1CRUdJTiBDRVJUSUZJQ0FURS0tLS0tCk1JSUU2VENDQXRHZ0F3SUJBZ0lSQVBrSHBxN0E1bFVFRHoxWC9GY2ZBSHd3RFFZSktvWklodmNOQVFFTEJRQXcKRFRFTE1Ba0dBMVVFQXhNQ1kyRXdJQmNOTWpVeE1USTRNREl5T1RFeFdoZ1BNakExTlRFeE1qZ3dNak01TVRGYQpNQTB4Q3pBSkJnTlZCQU1UQW1OaE1JSUNJakFOQmdrcWhraUc5dzBCQVFFRkFBT0NBZzhBTUlJQ0NnS0NBZ0VBCjBHM0NOZDNYTTM1ZUdtVVo1Z0tyUTlIU2Z6aDE2TDlnUi8xc1VYK0RKcVhTT01rSTlMODROOE1MNEM2RlRVVjEKeEEvMzUyUGQwSHowRnBBSGt3ZkprSlRxakMyai80K0hsM2trbVdMM1Frd3UrdFhCUW5EWkN5VVU3TU9kSzQyaAo3RWtCVmdOSVk0ZlNpUXFsckxtM2g1bnNWY2U1S2xycHE0RHp3UzNCdWN3NmJpNW1HSmFTMkx2QUhpYUV6UDNHCmpMci9meG01VEhQMWpTS25aT0NUSG1tRzJrbXFIMnIxMnVvd2l3RlNoOENjaUJlUHpycEJkeW9wUm43S3FZWEYKODhrNzZXZ1pRam9ENHFrYnVMbS9SZkpFbmNWZkNIcWVmQVNxYXFTaUlqOThMaEVQeDBVYU5GaUV1VlkxMUVOOQpsZjIwc1pqWkNzV0NGaUNoQzdlbnBnVmxpSkZNUndqVnpWR3JDYlc2V0o4dmd3Yzcvd0NraHFFQWdXc0hVbVQyCkE4dWNxMXBwVnFVTUZJbC80Q0tidE02dGp0Z2ZzQ01uZTFObmZpb2J5Uk94S3hDM3lWWjBycnpFeHI2MGRMVTEKQzNiK2NGWjRPWVV4NUJycGhSRVliMXQydnoySlhRLzhVbzFXY2lIRDZDTjZpNzdXOTRzeUUwRWZ5VDB6enMrcApsZkJNRGUxUmM2NnFLbzNvdk1kNndDN1c1UEIrOGVadk5kY09YRG1MZ1JRTFdzUCs5SUg2R1IvSlhkS05tV3NkCkxBMGlqUXZUWDU1L0hlVmc4Rmg1Tzd3Z3dDZkg0U0Y1cG1HdG9YVDVaSXh5N3RBSFM3NUFKU1JuK0lPNGlEMVkKQWo1MXIyV1o3amh1a2tyUVVxYnZVelhIMENKdXE3cHdpOG5hd1pZVnY1VUNBd0VBQWFOQ01FQXdEZ1lEVlIwUApBUUgvQkFRREFnS2tNQThHQTFVZEV3RUIvd1FGTUFNQkFmOHdIUVlEVlIwT0JCWUVGTUxzOTNGRWl6aG9BMGNICnlWOVFtTXNPaHJ0MU1BMEdDU3FHU0liM0RRRUJDd1VBQTRJQ0FRRExNNXk4MFVEN0V2MU8xWS9Ld1Y3UFJianEKdHB0a2dKN2lOOWFaY2tQcks4WWFmclRMbzFBUnFTN0RoQkVlVEdvdlo2eVZCWW9FNUdJRW1xbkU4NkFYQ00wQwpoWnVnc2haZ1cxc0dCYWNFNGZXelFzUFJGY1RObXMvcmo0VEt0Nld6TFR5RnRoRDhxSzNSSTl2UmQyYjdLZUhJCjFraWdzNC9tOGRjSkVrMTFjMkNjQzVuRTJDdFBpdllobTVYTHY5Y2VrMkVhUzgvZWhLT21nWUY2WE9hRmtXUHEKamoyU01WSGNSQVhHbmhQM080aGFXTkhKZVJXMnFzdVhTKzhXOW1OSTlNb2w5YW5Jd282WlVtVG5VL3hjdloxNQpQWlAvWFo3bERxOGdDc1V0UzBOUnAyNFlXNHJMWVFSeWtPWll0WHM1VTBEdDdvTSs5dGgwK1RGQVFYTDVMOElKCkNDb2RWcm0rTVQ2Z0VhZjlMVTRKektRaHRCSlFlNnV4dFdjVVBjQUtFRC9vRzBMUWRUVVdzNFR1MzZub1dwYjQKU0I1UUtTdCtGWVJLNjNCL2pkajhxdytnMnNuUFkzV2VqZHNzVW4zbFYzVEtkbmV1RXlNb01hdVE0RVUvYXlqOQpwWEowQk5zZW9YdHhIWjhEb1hiVDlHVWNjSW5jSXdaSjNCY2lWc2tSN3VtdHBKU2tIQVFXS3lKejVVMzVXekljCmVzZmxLOEo2UWREaWpPUm15THNCYlVyUE10dTJ5TEZYRDN6MjByWERSVzMxQ0tYOUN5SG1ZaXhaVGk4aXpKMUkKeFpGb2U4UDhHNjVKUndTcUdaZVlzekxtS2I0TCtVSzBwUUNlQmlVT1pJTnJldC80dmljTjR2VzdCb2didzMwVAppdkhwRThsNUZiUGtobVZZb1E9PQotLS0tLUVORCBDRVJUSUZJQ0FURS0tLS0tCg==",
                "host": "https://cloudproj-dev-aks-kh1aky7o.hcp.australiacentral.azmk8s.io:443",
                "password": "ph300my0v7cb27jrpea4k50v27pp2by5jr8tp6uj6s4x0tuq9hm01xl44ywp678pgful96tcfdkfso7ljk951krsgiprfm53zu2htgabo28m076bbei5ndyspzv1va55",
                "username": "clusterUser_cloudproj-dev-rg_cloudproj-dev-aks"
              }
            ],
            "kube_config_raw": "apiVersion: v1\nclusters:\n- cluster:\n    certificate-authority-data: LS0tLS1CRUdJTiBDRVJUSUZJQ0FURS0tLS0tCk1JSUU2VENDQXRHZ0F3SUJBZ0lSQVBrSHBxN0E1bFVFRHoxWC9GY2ZBSHd3RFFZSktvWklodmNOQVFFTEJRQXcKRFRFTE1Ba0dBMVVFQXhNQ1kyRXdJQmNOTWpVeE1USTRNREl5T1RFeFdoZ1BNakExTlRFeE1qZ3dNak01TVRGYQpNQTB4Q3pBSkJnTlZCQU1UQW1OaE1JSUNJakFOQmdrcWhraUc5dzBCQVFFRkFBT0NBZzhBTUlJQ0NnS0NBZ0VBCjBHM0NOZDNYTTM1ZUdtVVo1Z0tyUTlIU2Z6aDE2TDlnUi8xc1VYK0RKcVhTT01rSTlMODROOE1MNEM2RlRVVjEKeEEvMzUyUGQwSHowRnBBSGt3ZkprSlRxakMyai80K0hsM2trbVdMM1Frd3UrdFhCUW5EWkN5VVU3TU9kSzQyaAo3RWtCVmdOSVk0ZlNpUXFsckxtM2g1bnNWY2U1S2xycHE0RHp3UzNCdWN3NmJpNW1HSmFTMkx2QUhpYUV6UDNHCmpMci9meG01VEhQMWpTS25aT0NUSG1tRzJrbXFIMnIxMnVvd2l3RlNoOENjaUJlUHpycEJkeW9wUm43S3FZWEYKODhrNzZXZ1pRam9ENHFrYnVMbS9SZkpFbmNWZkNIcWVmQVNxYXFTaUlqOThMaEVQeDBVYU5GaUV1VlkxMUVOOQpsZjIwc1pqWkNzV0NGaUNoQzdlbnBnVmxpSkZNUndqVnpWR3JDYlc2V0o4dmd3Yzcvd0NraHFFQWdXc0hVbVQyCkE4dWNxMXBwVnFVTUZJbC80Q0tidE02dGp0Z2ZzQ01uZTFObmZpb2J5Uk94S3hDM3lWWjBycnpFeHI2MGRMVTEKQzNiK2NGWjRPWVV4NUJycGhSRVliMXQydnoySlhRLzhVbzFXY2lIRDZDTjZpNzdXOTRzeUUwRWZ5VDB6enMrcApsZkJNRGUxUmM2NnFLbzNvdk1kNndDN1c1UEIrOGVadk5kY09YRG1MZ1JRTFdzUCs5SUg2R1IvSlhkS05tV3NkCkxBMGlqUXZUWDU1L0hlVmc4Rmg1Tzd3Z3dDZkg0U0Y1cG1HdG9YVDVaSXh5N3RBSFM3NUFKU1JuK0lPNGlEMVkKQWo1MXIyV1o3amh1a2tyUVVxYnZVelhIMENKdXE3cHdpOG5hd1pZVnY1VUNBd0VBQWFOQ01FQXdEZ1lEVlIwUApBUUgvQkFRREFnS2tNQThHQTFVZEV3RUIvd1FGTUFNQkFmOHdIUVlEVlIwT0JCWUVGTUxzOTNGRWl6aG9BMGNICnlWOVFtTXNPaHJ0MU1BMEdDU3FHU0liM0RRRUJDd1VBQTRJQ0FRRExNNXk4MFVEN0V2MU8xWS9Ld1Y3UFJianEKdHB0a2dKN2lOOWFaY2tQcks4WWFmclRMbzFBUnFTN0RoQkVlVEdvdlo2eVZCWW9FNUdJRW1xbkU4NkFYQ00wQwpoWnVnc2haZ1cxc0dCYWNFNGZXelFzUFJGY1RObXMvcmo0VEt0Nld6TFR5RnRoRDhxSzNSSTl2UmQyYjdLZUhJCjFraWdzNC9tOGRjSkVrMTFjMkNjQzVuRTJDdFBpdllobTVYTHY5Y2VrMkVhUzgvZWhLT21nWUY2WE9hRmtXUHEKamoyU01WSGNSQVhHbmhQM080aGFXTkhKZVJXMnFzdVhTKzhXOW1OSTlNb2w5YW5Jd282WlVtVG5VL3hjdloxNQpQWlAvWFo3bERxOGdDc1V0UzBOUnAyNFlXNHJMWVFSeWtPWll0WHM1VTBEdDdvTSs5dGgwK1RGQVFYTDVMOElKCkNDb2RWcm0rTVQ2Z0VhZjlMVTRKektRaHRCSlFlNnV4dFdjVVBjQUtFRC9vRzBMUWRUVVdzNFR1MzZub1dwYjQKU0I1UUtTdCtGWVJLNjNCL2pkajhxdytnMnNuUFkzV2VqZHNzVW4zbFYzVEtkbmV1RXlNb01hdVE0RVUvYXlqOQpwWEowQk5zZW9YdHhIWjhEb1hiVDlHVWNjSW5jSXdaSjNCY2lWc2tSN3VtdHBKU2tIQVFXS3lKejVVMzVXekljCmVzZmxLOEo2UWREaWpPUm15THNCYlVyUE10dTJ5TEZYRDN6MjByWERSVzMxQ0tYOUN5SG1ZaXhaVGk4aXpKMUkKeFpGb2U4UDhHNjVKUndTcUdaZVlzekxtS2I0TCtVSzBwUUNlQmlVT1pJTnJldC80dmljTjR2VzdCb2didzMwVAppdkhwRThsNUZiUGtobVZZb1E9PQotLS0tLUVORCBDRVJUSUZJQ0FURS0tLS0tCg==\n    server: https://cloudproj-dev-aks-kh1aky7o.hcp.australiacentral.azmk8s.io:443\n  name: cloudproj-dev-aks\ncontexts:\n- context:\n    cluster: cloudproj-dev-aks\n    user: clusterUser_cloudproj-dev-rg_cloudproj-dev-aks\n  name: cloudproj-dev-aks\ncurrent-context: cloudproj-dev-aks\nkind: Config\npreferences: {}\nusers:\n- name: clusterUser_cloudproj-dev-rg_cloudproj-dev-aks\n  user:\n    client-certificate-data: LS0tLS1CRUdJTiBDRVJUSUZJQ0FURS0tLS0tCk1JSUZIakNDQXdhZ0F3SUJBZ0lSQU9PemRVY0pER3JBd1B4LzNNdmZ3QXN3RFFZSktvWklodmNOQVFFTEJRQXcKRFRFTE1Ba0dBMVVFQXhNQ1kyRXdIaGNOTWpVeE1USTRNREl5T1RFeFdoY05NamN4TVRJNE1ESXpPVEV4V2pBdwpNUmN3RlFZRFZRUUtFdzV6ZVhOMFpXMDZiV0Z6ZEdWeWN6RVZNQk1HQTFVRUF4TU1iV0Z6ZEdWeVkyeHBaVzUwCk1JSUNJakFOQmdrcWhraUc5dzBCQVFFRkFBT0NBZzhBTUlJQ0NnS0NBZ0VBbC9SeTNvOUxZaU9wKy9hRUFFeFEKcVJnYm42U25zQWYyUzRwVDRGK1RQejUvdDkwMkFtd1dnTWRUY0doSlNYWkVXWW9MNkppVkNoWmRiYnB3VWtRawpLS0E5dXVTOU5KU1BidGV0YW5PVnNhZjJMc1ZpMUZiS1FaT1ZVUGMyelBINm1QSGR5dzBlQ0FzbExKQmdzZCt1Cm80cW5YRktCa1JDL1RoTE9YOG5xbzY4c3ZrcU8vMHk0UHpscm5EbEhGSm91QzRMQVNZUjMyVXBuR2FKckUyTDQKc0RQc1RVMmpXMndUQmNwL3cxb2lHc3hCRFhsQXlGbjFjdUt0elF2OTN3K3o2Ylg0U2lQRlpsTllkbjdvMXNkLwo1bWdvM3hlZFh5dEFIcHpPQ1I1VTFiaG5YcDBsaG1lLzhzeXRRL0tSUWlXUkJoQThqRnhodjB1R0prbFVnYnVDCnJ2cXFPSDQ5bUV4WDdmbHdHOXgvd2FQbmFEeXJUdHJsMyt3bTQvankvWVhJdUI4SGdBNEVKbG9yQ0JoeDM5akYKUGo1OUl6VFdaYjZjYysxTmF0ZXNoQitRQXRsbEN6M1hjcC9yenU1eGtqZDRoYTZ2blNSUWF2eEZNdUgzYXNQLwpheVJULzRDSHlLRVNtdndPYXVFWGppdVYrRUFCSFk5SDhJN3ladk9YSE1qRmdTS0VjdXpCTmpxYnNOQnBHRlBkCkk5bXJmbGJwdWZ5QlFyVitPdHRJV01EYVBQSHNWcnJyakRGYWtHWGJnZHZ4Q1NHVXUwekpZdXRJaU9NMVVWa2gKdXU2dWo0aUkrNXQvaHJIbkVMaVp0SlZNaXh3eTRTL2hpTk9kZUxmRzN5M2lIZEMxSER0Tm0rWElINTgzeTBPUQpHNUFkMGc1NWp6L2MvTWVXalFLazBma0NBd0VBQWFOV01GUXdEZ1lEVlIwUEFRSC9CQVFEQWdXZ01CTUdBMVVkCkpRUU1NQW9HQ0NzR0FRVUZCd01DTUF3R0ExVWRFd0VCL3dRQ01BQXdId1lEVlIwakJCZ3dGb0FVd3V6M2NVU0wKT0dnRFJ3ZkpYMUNZeXc2R3UzVXdEUVlKS29aSWh2Y05BUUVMQlFBRGdnSUJBRndBSzk1M0ViWGtoMGN1bnlybQpOSXhHcEtyaEVLTWE4eWVBdXFPbWoxRUxqUTZVVjJiN0MvYjNnbVJkMXBCWnpoc3p3NzZPRkZUMGd1ZmRKQUZ1CkgybXVFSDFsVklYT01GVjB1dDBYTkU5dm52OStRUHlMbEtNZnBLeXVqRGdQbUZaUlUvSTlwamk4OStCMktyUG4KSkdrUW9oc0dubVpBMFdjRlhVYWlZOU41VVdTUThvUFJKZndkbDMyRGUwMDFSaEhwTEx1OThmWlFZMThQOTBBMAp1MFNDa29oeE1NWi84WHVwaFhqQmNBOWltV2VBWEdPcmRZSHlVUitNT0E4emtaSXhxWEdsMFpIWWVWR2tkNUdJCitUd1dNNmJKdHRkalVrL0dUVmZ6UEdnd1JHay84enpKSTV6WHIvblU5UThNODZhMElVbnRYZjZPcW50cjBCamEKdHJjRC9RbzgxMkcyeTlrTFRyc2NNcHdPcDBZdWRVTmlobTB2dy9jQjV6SWRSWVBSZVoxRWloMkJXMFlsQ3RiRgpLSENZU0JDWlZBaXZLQlliY0IzSVErVXZLTW90UVhZemsrSlJXd01QRWFWdU9lZFRVR2FxRXBhV0ZTNjd0Z1gzCmtLcFEyVWhYUkNrY2FWNDZsL3VxRTA4ZFpIakp2T1Y3b2Jyemk2T1o3UmtVSVVtRVpLMFdnK2F5c0VQeUlsT1oKelJBWkF3cU41djAzTlhpbnhFNXd3K1JYenV0cHJyVDRUU25oVWJYbTJROXUrRStKL1o0aFZ2UnZNRm04WVRCWApoZktwWVNYY2RacE1JTHE3ZFhjdnppYkowUkh0cXJ4bkM0YnJtakY2dW01Yk9vU0I0cmdCNGllN2dKelpQeThlCkw2bFE2MUNmSGQ4alpCMHJST0V1RlFyLwotLS0tLUVORCBDRVJUSUZJQ0FURS0tLS0tCg==\n    client-key-data: LS0tLS1CRUdJTiBSU0EgUFJJVkFURSBLRVktLS0tLQpNSUlKS0FJQkFBS0NBZ0VBbC9SeTNvOUxZaU9wKy9hRUFFeFFxUmdibjZTbnNBZjJTNHBUNEYrVFB6NS90OTAyCkFtd1dnTWRUY0doSlNYWkVXWW9MNkppVkNoWmRiYnB3VWtRa0tLQTl1dVM5TkpTUGJ0ZXRhbk9Wc2FmMkxzVmkKMUZiS1FaT1ZVUGMyelBINm1QSGR5dzBlQ0FzbExKQmdzZCt1bzRxblhGS0JrUkMvVGhMT1g4bnFvNjhzdmtxTwovMHk0UHpscm5EbEhGSm91QzRMQVNZUjMyVXBuR2FKckUyTDRzRFBzVFUyalcyd1RCY3AvdzFvaUdzeEJEWGxBCnlGbjFjdUt0elF2OTN3K3o2Ylg0U2lQRlpsTllkbjdvMXNkLzVtZ28zeGVkWHl0QUhwek9DUjVVMWJoblhwMGwKaG1lLzhzeXRRL0tSUWlXUkJoQThqRnhodjB1R0prbFVnYnVDcnZxcU9INDltRXhYN2Zsd0c5eC93YVBuYUR5cgpUdHJsMyt3bTQvankvWVhJdUI4SGdBNEVKbG9yQ0JoeDM5akZQajU5SXpUV1piNmNjKzFOYXRlc2hCK1FBdGxsCkN6M1hjcC9yenU1eGtqZDRoYTZ2blNSUWF2eEZNdUgzYXNQL2F5UlQvNENIeUtFU212d09hdUVYaml1VitFQUIKSFk5SDhJN3ladk9YSE1qRmdTS0VjdXpCTmpxYnNOQnBHRlBkSTltcmZsYnB1ZnlCUXJWK090dElXTURhUFBIcwpWcnJyakRGYWtHWGJnZHZ4Q1NHVXUwekpZdXRJaU9NMVVWa2h1dTZ1ajRpSSs1dC9ockhuRUxpWnRKVk1peHd5CjRTL2hpTk9kZUxmRzN5M2lIZEMxSER0Tm0rWElINTgzeTBPUUc1QWQwZzU1anovYy9NZVdqUUtrMGZrQ0F3RUEKQVFLQ0FnQWNBUk1DYlVvcFJnVlh5REMvbFZEd09OOHVacnY0dHg3dkFRbEFPcHo2ZE53NDJHM1J1SFhWT2Vibwp1bTkzT0hLVVJkcTMvUmJLaXlDZ3psRlE5L25wK3M0bG1XNDlPSHZPbzdUei8yVkJIb0ZDVVdKTFc4dGVsb0pZCkw1ZEw0ZlNiSjBnRzJkNEZBWGpTWTdGT1ZyanFydXoxR01lRUlwLy9GWHd2THhrdEhXV1RsRTRTUXVOWjA0MC8KZDFiZ055SHhRU0dLNnZ6amNORGJhcEZ0T3pvMXp2dm5xejFGNWY4RGZEUmJua3JXd1huanI4citvWVdZcktuMwpOaFNOZldsYzB3cDFMMjU3MHpSa2NqTWJFaDFDSzBRTkNWOFpZUEVxTXgvTmttZDBFODRKSTlEOG1qWkgydXk3CnJ3S1NQRFlqOWU0U3VCdlRrMm1mdUxmNFNNUm1qbHpvRHBDdDlqSUd1bW8yR0FETmdjTm0wSGFOUElTYmlKeEsKcWt4Y1dQSWJJMDNZS1k2b05SZ0tWdTBMeGdwS1M3QnpNTi9rRUt2ZlhzRnlTc3hzVFgvaVRqOExwYWgwZkRXeQpSOExUNVh5c0hlWE82Y2ZYUVRoUC9MRlZNc1BHQUk5VzhVY1BMN2dqMDF1WDhoTmFWVDZwM0pIL3FEVDlrL1NkCitNR3M5LzhDMlNaRDhsM1dsOTR0QnlaZ29GMStqWHdtZmErMXd6M2lsUURsTmViVlNSdmZoZis0TnlCcjAzMSsKZG42cnZEcGN2Wm5YcGo4OGpINGIrQlU0Qjh2azdOVDNnZkZnTFFGRWFYRE0rZkJIK01hZGZ3ZE1QUG5zT0NUTQp4aGU4WXZCMm1KZ3ZHbkZnZWFrcHNMMmZVak9MakVuSnFGbUJBSFdxclJQY29mVFoyUUtDQVFFQXhnTXJnalhPClZGVUoyQm5mNXVMb3ZGNXcxRDNaanF2ODZSZm95LzNjdmpHMXl5R0lhN3ZvTzY5VnFncUd4NzRKVG41QU51Mm0KVENRaHY2SGE5azNob3dycUdqODVRMHdBamVBajMyMDFwTjgvQjZ6UHJhMFNZOE1maFRCN2dUbTBTUG9aeDBVRwphMnpjTGMvRTZYc1RJQ0kvd1cxMllPK2VkSkkxUHQvSFYzQmhDQ1l2WmxWYzR4eHVxYVB3bWM4b0hibmc0MXBQCkEzbGxmMEg2RUpSZ21rSGxXWjFaYVpvVk8xRExrT1BxT0cwTGhQelliVWttanVwVUpERmU4Sks2bzA3QlJVL24KVitrZmNzQm1GRk9rL3NuZDhjaEV2dWtPaDFTdFVTOUEwQVh5eTdvM1FEZ1N4SVU1S1lndllmajltYVpUNDkwdQpyekh4N2Z6YXpBMzFmd0tDQVFFQXhIUmlhZTljU004Y3E2NTdWR0ZYTFBQU2ZQVlQvNEJoMGdRRVo0VXpxSXpLCmd0akxoSGJBTGltanlTMFdjbkVNNE5paG1MMnpjRVJaUHBFaFViRGtmYlB4WjZxTWtjdEltUTYxd0xKNEhzWXQKTktRckhUZ2Q4a0pnNnJlTWg2TW1OaFVGdDBTeTQ4M3hGNWY3TGk3NXlCSklUU2JVaVFHQ0hMUUF3ZWhDU2ZPYgpvSmpvNi82MndjRmVuRFRHbDh6UENIeStRLzQ5Yks1aFUzOE9sWFYxckE5bnlvUUVLc1Z0Tm9lTFdZcmxpTmw1CkdRcVI4azNHQXJKaWtSOS9yVEVCTmk1VC9NQU15NHd6REZjODZ2U1dTTlprcEZ2ZjRUZ0tBS01SZEZEeFJQVmIKdEZYcUk2UnFxODJlSkhxcFBQZWF4QWtRcXRIQzZjMXduWVZQNlgya2h3S0NBUUEyMkJuczdzby9RVzZBbEdvWApvVEdsT3VNMVpnd2tJQzdrd09LUjNiYU9WMlpxNU5iTVFEZUtrSDNCb3pqQmlqazVyRzVNeUhZUEVOTG9LUVJrCnhCMkM4enIwR2g3YUxPcmFZUUtPbDhrTDZXbWp6cEdYSVNDKzBRU2g5MU85N3lXb01OMkMrL05UUGN1ZVJMWGQKbFdFdXZVMjdYWDQwU3lvd1QyN0FBMnRMSkswN2ZKZ1VXQUJxUnkyL2Z0RGRTU3RyVUZpaG9CblNkSVZRUWczcApHYS9JQ2doa1VkaTZEeHRpV25hSG94ajBsLzlnemtlRHZZY1lmbjdmcDIwTVpSZWNzK3VFTHlWOGkrMVI4MGhTCnlQZ2lPZmRuU0hrQ0I3c21jS1d3bnMzczBEajNoSlJaRFM3bGo2RE5pQkxYcUFkVnoyUGM4UjVGR0NoU0tuN1AKbGU0eEFvSUJBUUNsUXU3REJPdVNDRUNySCtWNXowVUJlTDc2QlhxNjllblVQVExqVHNkdEk3cjhKWm5XL2ZxZgpHc0pBYXlCMTl5b0pQOU40NVNRODdoSlJNczlmcERvaWtLd2tNL0Y2ZUJMRFJ2K1ljY25nd1grbngrN0k3cnNxClg3S2Q0UGhqNWRnd0tMRWRRYnBuTG9pQSs0WCtqTi9zOFl4RzhzSloycDMwdld2aHN4dUlrRmk3MmNZZk9LL1AKQUhjeFdxZ3hiTVpBOG9jd05ZREFtMVVlWTBVR2I4QWtsUFVRQk14b21wcE1BK3d5MEVoVlBmVEVId00xWFQyVQphVEhIdVVLemxBVGI2azhXMFF3eWN1ZENtMlNRbGw2U09XQ0NieE0vcDkrcU40Tm9ZT3NGd28xNWY4aXVZUktuCklockZ2elg5SnFIWUJYUXk3ckJUOUZHbkFVMS9Nd1dqQW9JQkFDTWM2TUZIek1vVGZ0eHVZTitCdUdNSjRUYkIKeUFrc24vVElmczVwSEdJZExCdGhQaUVVN080azFLcTRHbDU0OHc3N1dHZ05lVHQ5cDBYNGkycGpJTU02Ni9qaQo1L2pKV2JneW1iUUVVSzhuYmdQUGpnakpGM2xHdWJWWWY3RmxUbnNHNWxXaERVdXM4YmJSYi9lanJ6Mk5HNVRpClZidWlOWWVaQW9aMlZmYWV5azVacG5ubE1EQnArd0Y4RjVwc2kvdTRHQ0tnekxTTmxrVmttZWhGRTBmQ2RXc3EKSG16cWROdURISkhISFNOdjkxZnB0SmRwWUhXcE9uTG54aHFiUmZEbXVKVlY1ci9idFJMN0haWDhNOFVxY3pNSworeVkxMWtHOG81dVBMb1hhK2FRbGRHTUNMVVJZWXJUbHc1MGhiMldOSzZBWW1lUktSUHVoNDdiY2Jvdz0KLS0tLS1FTkQgUlNBIFBSSVZBVEUgS0VZLS0tLS0K\n    token: ph300my0v7cb27jrpea4k50v27pp2by5jr8tp6uj6s4x0tuq9hm01xl44ywp678pgful96tcfdkfso7ljk951krsgiprfm53zu2htgabo28m076bbei5ndyspzv1va55\n",
            "kubelet_identity": [
              {
                "client_id": "2ce0f82c-d2b4-4412-83ed-4495a5552f8f",
                "object_id": "ef5af99d-6085-45e3-b566-e26cee564133",
                "user_assigned_identity_id": "/subscriptions/1121971d-0bc1-4f7c-8422-ce56228056d2/resourceGroups/MC_cloudproj-dev-rg_cloudproj-dev-aks_australiacentral/providers/Microsoft.ManagedIdentity/userAssignedIdentities/cloudproj-dev-aks-agentpool"
              }
            ],
            "kubernetes_version": "1.32",
            "linux_profile": [],
            "local_account_disabled": false,
            "location": "australiacentral",
            "maintenance_window": [],
            "maintenance_window_auto_upgrade": [],
            "maintenance_window_node_os": [],
            "microsoft_defender": [],
            "monitor_metrics": [],
            "name": "cloudproj-dev-aks",
            "network_profile": [
              {
                "advanced_networking": [],
                "dns_service_ip": "10.0.0.10",
                "ip_versions": [
                  "IPv4"
                ],
                "load_balancer_profile": [
                  {
                    "backend_pool_type": "NodeIPConfiguration",
                    "effective_outbound_ips": [
                      "/subscriptions/1121971d-0bc1-4f7c-8422-ce56228056d2/resourceGroups/MC_cloudproj-dev-rg_cloudproj-dev-aks_australiacentral/providers/Microsoft.Network/publicIPAddresses/b4b90fa7-dbf7-40f2-88c2-9e3cdeeb2192"
                    ],
                    "idle_timeout_in_minutes": 0,
                    "managed_outbound_ip_count": 1,
                    "managed_outbound_ipv6_count": 0,
                    "outbound_ip_address_ids": [],
                    "outbound_ip_prefix_ids": [],
                    "outbound_ports_allocated": 0
                  }
                ],
                "load_balancer_sku": "standard",
                "nat_gateway_profile": [],
                "network_data_plane": "azure",
                "network_mode": "",
                "network_plugin": "azure",
                "network_plugin_mode": "",
                "network_policy": "",
                "outbound_type": "loadBalancer",
                "pod_cidr": "",
                "pod_cidrs": [],
                "service_cidr": "10.0.0.0/16",
                "service_cidrs": [
                  "10.0.0.0/16"
                ]
              }
            ],
            "node_os_upgrade_channel": "NodeImage",
            "node_resource_group": "MC_cloudproj-dev-rg_cloudproj-dev-aks_australiacentral",
            "node_resource_group_id": "/subscriptions/1121971d-0bc1-4f7c-8422-ce56228056d2/resourceGroups/MC_cloudproj-dev-rg_cloudproj-dev-aks_australiacentral",
            "oidc_issuer_enabled": false,
            "oidc_issuer_url": "",
            "oms_agent": [],
            "open_service_mesh_enabled": false,
            "portal_fqdn": "cloudproj-dev-aks-kh1aky7o.portal.hcp.australiacentral.azmk8s.io",
            "private_cluster_enabled": false,
            "private_cluster_public_fqdn_enabled": false,
            "private_dns_zone_id": "",
            "private_fqdn": "",
            "resource_group_name": "cloudproj-dev-rg",
            "role_based_access_control_enabled": true,
            "run_command_enabled": true,
            "service_mesh_profile": [],
            "service_principal": [],
            "sku_tier": "Free",
            "storage_profile": [],
            "support_plan": "KubernetesOfficial",
            "tags": {
              "environment": "dev",
              "project": "cloudproj"
            },
            "timeouts": null,
            "upgrade_override": [],
            "web_app_routing": [],
            "windows_profile": [
              {
                "admin_password": "",
                "admin_username": "azureuser",
                "gmsa": [],
                "license": ""
              }
            ],
            "workload_autoscaler_profile": [],
            "workload_identity_enabled": false
          },
          "sensitive_attributes": [
            [
              {
                "type": "get_attr",
                "value": "kube_admin_config"
              }
            ],
            [
              {
                "type": "get_attr",
                "value": "kube_admin_config_raw"
              }
            ],
            [
              {
                "type": "get_attr",
                "value": "kube_config"
              }
            ],
            [
              {
                "type": "get_attr",
                "value": "kube_config_raw"
              }
            ],
            [
              {
                "type": "get_attr",
                "value": "windows_profile"
              },
              {
                "type": "index",
                "value": {
                  "value": 0,
                  "type": "number"
                }
              },
              {
                "type": "get_attr",
                "value": "admin_password"
              }
            ]
          ],
          "identity_schema_version": 0,
          "private": "eyJlMmJmYjczMC1lY2FhLTExZTYtOGY4OC0zNDM2M2JjN2M0YzAiOnsiY3JlYXRlIjo1NDAwMDAwMDAwMDAwLCJkZWxldGUiOjU0MDAwMDAwMDAwMDAsInJlYWQiOjMwMDAwMDAwMDAwMCwidXBkYXRlIjo1NDAwMDAwMDAwMDAwfSwic2NoZW1hX3ZlcnNpb24iOiIyIn0=",
          "dependencies": [
            "module.network.azurerm_resource_group.rg",
            "module.network.azurerm_subnet.subnets",
            "module.network.azurerm_virtual_network.vnet"
          ]
        }
      ]
    },
    {
      "module": "module.keyvault",
      "mode": "data",
      "type": "azurerm_client_config",
      "name": "current",
      "provider": "provider[\"registry.terraform.io/hashicorp/azurerm\"]",
      "instances": [
        {
          "schema_version": 0,
          "attributes": {
            "client_id": "e1d85df1-24a6-48df-bfa6-1d95b85723b3",
            "id": "Y2xpZW50Q29uZmlncy9jbGllbnRJZD1lMWQ4NWRmMS0yNGE2LTQ4ZGYtYmZhNi0xZDk1Yjg1NzIzYjM7b2JqZWN0SWQ9NGE3ODIzYTYtYzBmYy00NWJiLThiZDctNDIwNjgwYjJlOGY5O3N1YnNjcmlwdGlvbklkPTExMjE5NzFkLTBiYzEtNGY3Yy04NDIyLWNlNTYyMjgwNTZkMjt0ZW5hbnRJZD03OTFjZTNhMi1hZjFlLTQ3YWItYjFlYS1hODExNzA2ZTc2ZDU=",
            "object_id": "4a7823a6-c0fc-45bb-8bd7-420680b2e8f9",
            "subscription_id": "1121971d-0bc1-4f7c-8422-ce56228056d2",
            "tenant_id": "791ce3a2-af1e-47ab-b1ea-a811706e76d5",
            "timeouts": null
          },
          "sensitive_attributes": [],
          "identity_schema_version": 0
        }
      ]
    },
    {
      "module": "module.keyvault",
      "mode": "managed",
      "type": "azurerm_key_vault",
      "name": "kv",
      "provider": "provider[\"registry.terraform.io/hashicorp/azurerm\"]",
      "instances": [
        {
          "schema_version": 2,
          "attributes": {
            "access_policy": [],
            "contact": [],
            "enable_rbac_authorization": false,
            "enabled_for_deployment": false,
            "enabled_for_disk_encryption": false,
            "enabled_for_template_deployment": false,
            "id": "/subscriptions/1121971d-0bc1-4f7c-8422-ce56228056d2/resourceGroups/cloudproj-dev-rg/providers/Microsoft.KeyVault/vaults/cloudproj-dev-kv",
            "location": "australiacentral",
            "name": "cloudproj-dev-kv",
            "network_acls": [
              {
                "bypass": "AzureServices",
                "default_action": "Allow",
                "ip_rules": [],
                "virtual_network_subnet_ids": []
              }
            ],
            "public_network_access_enabled": true,
            "purge_protection_enabled": true,
            "rbac_authorization_enabled": false,
            "resource_group_name": "cloudproj-dev-rg",
            "sku_name": "standard",
            "soft_delete_retention_days": 7,
            "tags": {
              "environment": "dev",
              "project": "cloudproj"
            },
            "tenant_id": "791ce3a2-af1e-47ab-b1ea-a811706e76d5",
            "timeouts": null,
            "vault_uri": "https://cloudproj-dev-kv.vault.azure.net/"
          },
          "sensitive_attributes": [],
          "identity_schema_version": 0,
          "private": "eyJlMmJmYjczMC1lY2FhLTExZTYtOGY4OC0zNDM2M2JjN2M0YzAiOnsiY3JlYXRlIjoxODAwMDAwMDAwMDAwLCJkZWxldGUiOjE4MDAwMDAwMDAwMDAsInJlYWQiOjMwMDAwMDAwMDAwMCwidXBkYXRlIjoxODAwMDAwMDAwMDAwfSwic2NoZW1hX3ZlcnNpb24iOiIyIn0=",
          "dependencies": [
            "module.keyvault.data.azurerm_client_config.current",
            "module.network.azurerm_resource_group.rg"
          ]
        }
      ]
    },
    {
      "module": "module.mysql",
      "mode": "managed",
      "type": "azurerm_mysql_flexible_server",
      "name": "mysql",
      "provider": "provider[\"registry.terraform.io/hashicorp/azurerm\"]",
      "instances": [
        {
          "schema_version": 0,
          "attributes": {
            "administrator_login": "adminuser",
            "administrator_password": "DevStrongPassword123!",
            "administrator_password_wo": null,
            "administrator_password_wo_version": 0,
            "backup_retention_days": 7,
            "create_mode": null,
            "customer_managed_key": [],
            "delegated_subnet_id": "",
            "fqdn": "cloudproj-dev-mysql.mysql.database.azure.com",
            "geo_redundant_backup_enabled": false,
            "high_availability": [],
            "id": "/subscriptions/1121971d-0bc1-4f7c-8422-ce56228056d2/resourceGroups/cloudproj-dev-rg/providers/Microsoft.DBforMySQL/flexibleServers/cloudproj-dev-mysql",
            "identity": [],
            "location": "australiacentral",
            "maintenance_window": [],
            "name": "cloudproj-dev-mysql",
            "point_in_time_restore_time_in_utc": null,
            "private_dns_zone_id": "",
            "public_network_access": "Enabled",
            "public_network_access_enabled": true,
            "replica_capacity": 10,
            "replication_role": "None",
            "resource_group_name": "cloudproj-dev-rg",
            "sku_name": "GP_Standard_D2ds_v4",
            "source_server_id": "",
            "storage": [
              {
                "auto_grow_enabled": true,
                "io_scaling_enabled": false,
                "iops": 360,
                "log_on_disk_enabled": false,
                "size_gb": 20
              }
            ],
            "tags": {},
            "timeouts": null,
            "version": "8.0.21",
            "zone": ""
          },
          "sensitive_attributes": [
            [
              {
                "type": "get_attr",
                "value": "administrator_password"
              }
            ]
          ],
          "identity_schema_version": 0,
          "private": "eyJlMmJmYjczMC1lY2FhLTExZTYtOGY4OC0zNDM2M2JjN2M0YzAiOnsiY3JlYXRlIjo3MjAwMDAwMDAwMDAwLCJkZWxldGUiOjM2MDAwMDAwMDAwMDAsInJlYWQiOjMwMDAwMDAwMDAwMCwidXBkYXRlIjo3MjAwMDAwMDAwMDAwfX0=",
          "dependencies": [
            "module.network.azurerm_resource_group.rg"
          ]
        }
      ]
    },
    {
      "module": "module.mysql",
      "mode": "managed",
      "type": "azurerm_private_endpoint",
      "name": "db_pe",
      "provider": "provider[\"registry.terraform.io/hashicorp/azurerm\"]",
      "instances": [
        {
          "schema_version": 0,
          "attributes": {
            "custom_dns_configs": [
              {
                "fqdn": "cloudproj-dev-mysql.mysql.database.azure.com",
                "ip_addresses": [
                  "10.10.4.4"
                ]
              }
            ],
            "custom_network_interface_name": "",
            "id": "/subscriptions/1121971d-0bc1-4f7c-8422-ce56228056d2/resourceGroups/cloudproj-dev-rg/providers/Microsoft.Network/privateEndpoints/cloudproj-dev-db-pe",
            "ip_configuration": [],
            "location": "australiacentral",
            "name": "cloudproj-dev-db-pe",
            "network_interface": [
              {
                "id": "/subscriptions/1121971d-0bc1-4f7c-8422-ce56228056d2/resourceGroups/cloudproj-dev-rg/providers/Microsoft.Network/networkInterfaces/cloudproj-dev-db-pe.nic.9d8afbc5-b715-4a71-8c1d-cdea04545c32",
                "name": "cloudproj-dev-db-pe.nic.9d8afbc5-b715-4a71-8c1d-cdea04545c32"
              }
            ],
            "private_dns_zone_configs": [],
            "private_dns_zone_group": [],
            "private_service_connection": [
              {
                "is_manual_connection": false,
                "name": "cloudproj-dev-db-psc",
                "private_connection_resource_alias": "",
                "private_connection_resource_id": "/subscriptions/1121971d-0bc1-4f7c-8422-ce56228056d2/resourceGroups/cloudproj-dev-rg/providers/Microsoft.DBforMySQL/flexibleServers/cloudproj-dev-mysql",
                "private_ip_address": "10.10.4.4",
                "request_message": "",
                "subresource_names": [
                  "mysqlServer"
                ]
              }
            ],
            "resource_group_name": "cloudproj-dev-rg",
            "subnet_id": "/subscriptions/1121971d-0bc1-4f7c-8422-ce56228056d2/resourceGroups/cloudproj-dev-rg/providers/Microsoft.Network/virtualNetworks/cloudproj-dev-vnet/subnets/database",
            "tags": {},
            "timeouts": null
          },
          "sensitive_attributes": [],
          "identity_schema_version": 0,
          "identity": {
            "name": "cloudproj-dev-db-pe",
            "resource_group_name": "cloudproj-dev-rg",
            "subscription_id": "1121971d-0bc1-4f7c-8422-ce56228056d2"
          },
          "private": "eyJlMmJmYjczMC1lY2FhLTExZTYtOGY4OC0zNDM2M2JjN2M0YzAiOnsiY3JlYXRlIjozNjAwMDAwMDAwMDAwLCJkZWxldGUiOjM2MDAwMDAwMDAwMDAsInJlYWQiOjMwMDAwMDAwMDAwMCwidXBkYXRlIjozNjAwMDAwMDAwMDAwfX0=",
          "dependencies": [
            "module.mysql.azurerm_mysql_flexible_server.mysql",
            "module.network.azurerm_resource_group.rg",
            "module.network.azurerm_subnet.subnets",
            "module.network.azurerm_virtual_network.vnet"
          ]
        }
      ]
    },
    {
      "module": "module.network",
      "mode": "managed",
      "type": "azurerm_network_security_group",
      "name": "nsgs",
      "provider": "provider[\"registry.terraform.io/hashicorp/azurerm\"]",
      "instances": [
        {
          "index_key": "aks",
          "schema_version": 0,
          "attributes": {
            "id": "/subscriptions/1121971d-0bc1-4f7c-8422-ce56228056d2/resourceGroups/cloudproj-dev-rg/providers/Microsoft.Network/networkSecurityGroups/cloudproj-dev-aks-nsg",
            "location": "australiacentral",
            "name": "cloudproj-dev-aks-nsg",
            "resource_group_name": "cloudproj-dev-rg",
            "security_rule": [],
            "tags": {},
            "timeouts": null
          },
          "sensitive_attributes": [],
          "identity_schema_version": 0,
          "identity": {
            "name": "cloudproj-dev-aks-nsg",
            "resource_group_name": "cloudproj-dev-rg",
            "subscription_id": "1121971d-0bc1-4f7c-8422-ce56228056d2"
          },
          "private": "eyJlMmJmYjczMC1lY2FhLTExZTYtOGY4OC0zNDM2M2JjN2M0YzAiOnsiY3JlYXRlIjoxODAwMDAwMDAwMDAwLCJkZWxldGUiOjE4MDAwMDAwMDAwMDAsInJlYWQiOjMwMDAwMDAwMDAwMCwidXBkYXRlIjoxODAwMDAwMDAwMDAwfX0=",
          "dependencies": [
            "module.network.azurerm_resource_group.rg"
          ]
        },
        {
          "index_key": "database",
          "schema_version": 0,
          "attributes": {
            "id": "/subscriptions/1121971d-0bc1-4f7c-8422-ce56228056d2/resourceGroups/cloudproj-dev-rg/providers/Microsoft.Network/networkSecurityGroups/cloudproj-dev-database-nsg",
            "location": "australiacentral",
            "name": "cloudproj-dev-database-nsg",
            "resource_group_name": "cloudproj-dev-rg",
            "security_rule": [],
            "tags": {},
            "timeouts": null
          },
          "sensitive_attributes": [],
          "identity_schema_version": 0,
          "identity": {
            "name": "cloudproj-dev-database-nsg",
            "resource_group_name": "cloudproj-dev-rg",
            "subscription_id": "1121971d-0bc1-4f7c-8422-ce56228056d2"
          },
          "private": "eyJlMmJmYjczMC1lY2FhLTExZTYtOGY4OC0zNDM2M2JjN2M0YzAiOnsiY3JlYXRlIjoxODAwMDAwMDAwMDAwLCJkZWxldGUiOjE4MDAwMDAwMDAwMDAsInJlYWQiOjMwMDAwMDAwMDAwMCwidXBkYXRlIjoxODAwMDAwMDAwMDAwfX0=",
          "dependencies": [
            "module.network.azurerm_resource_group.rg"
          ]
        },
        {
          "index_key": "public1",
          "schema_version": 0,
          "attributes": {
            "id": "/subscriptions/1121971d-0bc1-4f7c-8422-ce56228056d2/resourceGroups/cloudproj-dev-rg/providers/Microsoft.Network/networkSecurityGroups/cloudproj-dev-public1-nsg",
            "location": "australiacentral",
            "name": "cloudproj-dev-public1-nsg",
            "resource_group_name": "cloudproj-dev-rg",
            "security_rule": [],
            "tags": {},
            "timeouts": null
          },
          "sensitive_attributes": [],
          "identity_schema_version": 0,
          "identity": {
            "name": "cloudproj-dev-public1-nsg",
            "resource_group_name": "cloudproj-dev-rg",
            "subscription_id": "1121971d-0bc1-4f7c-8422-ce56228056d2"
          },
          "private": "eyJlMmJmYjczMC1lY2FhLTExZTYtOGY4OC0zNDM2M2JjN2M0YzAiOnsiY3JlYXRlIjoxODAwMDAwMDAwMDAwLCJkZWxldGUiOjE4MDAwMDAwMDAwMDAsInJlYWQiOjMwMDAwMDAwMDAwMCwidXBkYXRlIjoxODAwMDAwMDAwMDAwfX0=",
          "dependencies": [
            "module.network.azurerm_resource_group.rg"
          ]
        },
        {
          "index_key": "public2",
          "schema_version": 0,
          "attributes": {
            "id": "/subscriptions/1121971d-0bc1-4f7c-8422-ce56228056d2/resourceGroups/cloudproj-dev-rg/providers/Microsoft.Network/networkSecurityGroups/cloudproj-dev-public2-nsg",
            "location": "australiacentral",
            "name": "cloudproj-dev-public2-nsg",
            "resource_group_name": "cloudproj-dev-rg",
            "security_rule": [],
            "tags": {},
            "timeouts": null
          },
          "sensitive_attributes": [],
          "identity_schema_version": 0,
          "identity": {
            "name": "cloudproj-dev-public2-nsg",
            "resource_group_name": "cloudproj-dev-rg",
            "subscription_id": "1121971d-0bc1-4f7c-8422-ce56228056d2"
          },
          "private": "eyJlMmJmYjczMC1lY2FhLTExZTYtOGY4OC0zNDM2M2JjN2M0YzAiOnsiY3JlYXRlIjoxODAwMDAwMDAwMDAwLCJkZWxldGUiOjE4MDAwMDAwMDAwMDAsInJlYWQiOjMwMDAwMDAwMDAwMCwidXBkYXRlIjoxODAwMDAwMDAwMDAwfX0=",
          "dependencies": [
            "module.network.azurerm_resource_group.rg"
          ]
        }
      ]
    },
    {
      "module": "module.network",
      "mode": "managed",
      "type": "azurerm_resource_group",
      "name": "rg",
      "provider": "provider[\"registry.terraform.io/hashicorp/azurerm\"]",
      "instances": [
        {
          "schema_version": 0,
          "attributes": {
            "id": "/subscriptions/1121971d-0bc1-4f7c-8422-ce56228056d2/resourceGroups/cloudproj-dev-rg",
            "location": "australiacentral",
            "managed_by": "",
            "name": "cloudproj-dev-rg",
            "tags": {},
            "timeouts": null
          },
          "sensitive_attributes": [],
          "identity_schema_version": 0,
          "identity": {
            "name": "cloudproj-dev-rg",
            "subscription_id": "1121971d-0bc1-4f7c-8422-ce56228056d2"
          },
          "private": "eyJlMmJmYjczMC1lY2FhLTExZTYtOGY4OC0zNDM2M2JjN2M0YzAiOnsiY3JlYXRlIjo1NDAwMDAwMDAwMDAwLCJkZWxldGUiOjU0MDAwMDAwMDAwMDAsInJlYWQiOjMwMDAwMDAwMDAwMCwidXBkYXRlIjo1NDAwMDAwMDAwMDAwfX0="
        }
      ]
    },
    {
      "module": "module.network",
      "mode": "managed",
      "type": "azurerm_route_table",
      "name": "private",
      "provider": "provider[\"registry.terraform.io/hashicorp/azurerm\"]",
      "instances": [
        {
          "index_key": 0,
          "schema_version": 0,
          "attributes": {
            "bgp_route_propagation_enabled": true,
            "id": "/subscriptions/1121971d-0bc1-4f7c-8422-ce56228056d2/resourceGroups/cloudproj-dev-rg/providers/Microsoft.Network/routeTables/cloudproj-dev-private-rt-1",
            "location": "australiacentral",
            "name": "cloudproj-dev-private-rt-1",
            "resource_group_name": "cloudproj-dev-rg",
            "route": [],
            "subnets": [
              "/subscriptions/1121971d-0bc1-4f7c-8422-ce56228056d2/resourceGroups/cloudproj-dev-rg/providers/Microsoft.Network/virtualNetworks/cloudproj-dev-vnet/subnets/aks",
              "/subscriptions/1121971d-0bc1-4f7c-8422-ce56228056d2/resourceGroups/cloudproj-dev-rg/providers/Microsoft.Network/virtualNetworks/cloudproj-dev-vnet/subnets/database"
            ],
            "tags": {},
            "timeouts": null
          },
          "sensitive_attributes": [],
          "identity_schema_version": 0,
          "identity": {
            "name": "cloudproj-dev-private-rt-1",
            "resource_group_name": "cloudproj-dev-rg",
            "subscription_id": "1121971d-0bc1-4f7c-8422-ce56228056d2"
          },
          "private": "eyJlMmJmYjczMC1lY2FhLTExZTYtOGY4OC0zNDM2M2JjN2M0YzAiOnsiY3JlYXRlIjoxODAwMDAwMDAwMDAwLCJkZWxldGUiOjE4MDAwMDAwMDAwMDAsInJlYWQiOjMwMDAwMDAwMDAwMCwidXBkYXRlIjoxODAwMDAwMDAwMDAwfX0=",
          "dependencies": [
            "module.network.azurerm_resource_group.rg"
          ]
        },
        {
          "index_key": 1,
          "schema_version": 0,
          "attributes": {
            "bgp_route_propagation_enabled": true,
            "id": "/subscriptions/1121971d-0bc1-4f7c-8422-ce56228056d2/resourceGroups/cloudproj-dev-rg/providers/Microsoft.Network/routeTables/cloudproj-dev-private-rt-2",
            "location": "australiacentral",
            "name": "cloudproj-dev-private-rt-2",
            "resource_group_name": "cloudproj-dev-rg",
            "route": [],
            "subnets": [],
            "tags": {},
            "timeouts": null
          },
          "sensitive_attributes": [],
          "identity_schema_version": 0,
          "identity": {
            "name": "cloudproj-dev-private-rt-2",
            "resource_group_name": "cloudproj-dev-rg",
            "subscription_id": "1121971d-0bc1-4f7c-8422-ce56228056d2"
          },
          "private": "eyJlMmJmYjczMC1lY2FhLTExZTYtOGY4OC0zNDM2M2JjN2M0YzAiOnsiY3JlYXRlIjoxODAwMDAwMDAwMDAwLCJkZWxldGUiOjE4MDAwMDAwMDAwMDAsInJlYWQiOjMwMDAwMDAwMDAwMCwidXBkYXRlIjoxODAwMDAwMDAwMDAwfX0=",
          "dependencies": [
            "module.network.azurerm_resource_group.rg"
          ]
        }
      ]
    },
    {
      "module": "module.network",
      "mode": "managed",
      "type": "azurerm_subnet",
      "name": "subnets",
      "provider": "provider[\"registry.terraform.io/hashicorp/azurerm\"]",
      "instances": [
        {
          "index_key": "aks",
          "schema_version": 0,
          "attributes": {
            "address_prefixes": [
              "10.10.3.0/24"
            ],
            "default_outbound_access_enabled": true,
            "delegation": [],
            "id": "/subscriptions/1121971d-0bc1-4f7c-8422-ce56228056d2/resourceGroups/cloudproj-dev-rg/providers/Microsoft.Network/virtualNetworks/cloudproj-dev-vnet/subnets/aks",
            "ip_address_pool": [],
            "name": "aks",
            "private_endpoint_network_policies": "Disabled",
            "private_link_service_network_policies_enabled": true,
            "resource_group_name": "cloudproj-dev-rg",
            "service_endpoint_policy_ids": [],
            "service_endpoints": [],
            "sharing_scope": "",
            "timeouts": null,
            "virtual_network_name": "cloudproj-dev-vnet"
          },
          "sensitive_attributes": [],
          "identity_schema_version": 0,
          "identity": {
            "name": "aks",
            "resource_group_name": "cloudproj-dev-rg",
            "subscription_id": "1121971d-0bc1-4f7c-8422-ce56228056d2",
            "virtual_network_name": "cloudproj-dev-vnet"
          },
          "private": "eyJlMmJmYjczMC1lY2FhLTExZTYtOGY4OC0zNDM2M2JjN2M0YzAiOnsiY3JlYXRlIjoxODAwMDAwMDAwMDAwLCJkZWxldGUiOjE4MDAwMDAwMDAwMDAsInJlYWQiOjMwMDAwMDAwMDAwMCwidXBkYXRlIjoxODAwMDAwMDAwMDAwfX0=",
          "dependencies": [
            "module.network.azurerm_resource_group.rg",
            "module.network.azurerm_virtual_network.vnet"
          ]
        },
        {
          "index_key": "database",
          "schema_version": 0,
          "attributes": {
            "address_prefixes": [
              "10.10.4.0/24"
            ],
            "default_outbound_access_enabled": true,
            "delegation": [],
            "id": "/subscriptions/1121971d-0bc1-4f7c-8422-ce56228056d2/resourceGroups/cloudproj-dev-rg/providers/Microsoft.Network/virtualNetworks/cloudproj-dev-vnet/subnets/database",
            "ip_address_pool": [],
            "name": "database",
            "private_endpoint_network_policies": "Disabled",
            "private_link_service_network_policies_enabled": true,
            "resource_group_name": "cloudproj-dev-rg",
            "service_endpoint_policy_ids": [],
            "service_endpoints": [],
            "sharing_scope": "",
            "timeouts": null,
            "virtual_network_name": "cloudproj-dev-vnet"
          },
          "sensitive_attributes": [],
          "identity_schema_version": 0,
          "identity": {
            "name": "database",
            "resource_group_name": "cloudproj-dev-rg",
            "subscription_id": "1121971d-0bc1-4f7c-8422-ce56228056d2",
            "virtual_network_name": "cloudproj-dev-vnet"
          },
          "private": "eyJlMmJmYjczMC1lY2FhLTExZTYtOGY4OC0zNDM2M2JjN2M0YzAiOnsiY3JlYXRlIjoxODAwMDAwMDAwMDAwLCJkZWxldGUiOjE4MDAwMDAwMDAwMDAsInJlYWQiOjMwMDAwMDAwMDAwMCwidXBkYXRlIjoxODAwMDAwMDAwMDAwfX0=",
          "dependencies": [
            "module.network.azurerm_resource_group.rg",
            "module.network.azurerm_virtual_network.vnet"
          ]
        },
        {
          "index_key": "public1",
          "schema_version": 0,
          "attributes": {
            "address_prefixes": [
              "10.10.1.0/24"
            ],
            "default_outbound_access_enabled": true,
            "delegation": [],
            "id": "/subscriptions/1121971d-0bc1-4f7c-8422-ce56228056d2/resourceGroups/cloudproj-dev-rg/providers/Microsoft.Network/virtualNetworks/cloudproj-dev-vnet/subnets/public1",
            "ip_address_pool": [],
            "name": "public1",
            "private_endpoint_network_policies": "Disabled",
            "private_link_service_network_policies_enabled": true,
            "resource_group_name": "cloudproj-dev-rg",
            "service_endpoint_policy_ids": [],
            "service_endpoints": [],
            "sharing_scope": "",
            "timeouts": null,
            "virtual_network_name": "cloudproj-dev-vnet"
          },
          "sensitive_attributes": [],
          "identity_schema_version": 0,
          "identity": {
            "name": "public1",
            "resource_group_name": "cloudproj-dev-rg",
            "subscription_id": "1121971d-0bc1-4f7c-8422-ce56228056d2",
            "virtual_network_name": "cloudproj-dev-vnet"
          },
          "private": "eyJlMmJmYjczMC1lY2FhLTExZTYtOGY4OC0zNDM2M2JjN2M0YzAiOnsiY3JlYXRlIjoxODAwMDAwMDAwMDAwLCJkZWxldGUiOjE4MDAwMDAwMDAwMDAsInJlYWQiOjMwMDAwMDAwMDAwMCwidXBkYXRlIjoxODAwMDAwMDAwMDAwfX0=",
          "dependencies": [
            "module.network.azurerm_resource_group.rg",
            "module.network.azurerm_virtual_network.vnet"
          ]
        },
        {
          "index_key": "public2",
          "schema_version": 0,
          "attributes": {
            "address_prefixes": [
              "10.10.2.0/24"
            ],
            "default_outbound_access_enabled": true,
            "delegation": [],
            "id": "/subscriptions/1121971d-0bc1-4f7c-8422-ce56228056d2/resourceGroups/cloudproj-dev-rg/providers/Microsoft.Network/virtualNetworks/cloudproj-dev-vnet/subnets/public2",
            "ip_address_pool": [],
            "name": "public2",
            "private_endpoint_network_policies": "Disabled",
            "private_link_service_network_policies_enabled": true,
            "resource_group_name": "cloudproj-dev-rg",
            "service_endpoint_policy_ids": [],
            "service_endpoints": [],
            "sharing_scope": "",
            "timeouts": null,
            "virtual_network_name": "cloudproj-dev-vnet"
          },
          "sensitive_attributes": [],
          "identity_schema_version": 0,
          "identity": {
            "name": "public2",
            "resource_group_name": "cloudproj-dev-rg",
            "subscription_id": "1121971d-0bc1-4f7c-8422-ce56228056d2",
            "virtual_network_name": "cloudproj-dev-vnet"
          },
          "private": "eyJlMmJmYjczMC1lY2FhLTExZTYtOGY4OC0zNDM2M2JjN2M0YzAiOnsiY3JlYXRlIjoxODAwMDAwMDAwMDAwLCJkZWxldGUiOjE4MDAwMDAwMDAwMDAsInJlYWQiOjMwMDAwMDAwMDAwMCwidXBkYXRlIjoxODAwMDAwMDAwMDAwfX0=",
          "dependencies": [
            "module.network.azurerm_resource_group.rg",
            "module.network.azurerm_virtual_network.vnet"
          ]
        }
      ]
    },
    {
      "module": "module.network",
      "mode": "managed",
      "type": "azurerm_subnet_network_security_group_association",
      "name": "subnet_nsg_assoc",
      "provider": "provider[\"registry.terraform.io/hashicorp/azurerm\"]",
      "instances": [
        {
          "index_key": "aks",
          "schema_version": 0,
          "attributes": {
            "id": "/subscriptions/1121971d-0bc1-4f7c-8422-ce56228056d2/resourceGroups/cloudproj-dev-rg/providers/Microsoft.Network/virtualNetworks/cloudproj-dev-vnet/subnets/aks",
            "network_security_group_id": "/subscriptions/1121971d-0bc1-4f7c-8422-ce56228056d2/resourceGroups/cloudproj-dev-rg/providers/Microsoft.Network/networkSecurityGroups/cloudproj-dev-aks-nsg",
            "subnet_id": "/subscriptions/1121971d-0bc1-4f7c-8422-ce56228056d2/resourceGroups/cloudproj-dev-rg/providers/Microsoft.Network/virtualNetworks/cloudproj-dev-vnet/subnets/aks",
            "timeouts": null
          },
          "sensitive_attributes": [],
          "identity_schema_version": 0,
          "private": "eyJlMmJmYjczMC1lY2FhLTExZTYtOGY4OC0zNDM2M2JjN2M0YzAiOnsiY3JlYXRlIjoxODAwMDAwMDAwMDAwLCJkZWxldGUiOjE4MDAwMDAwMDAwMDAsInJlYWQiOjMwMDAwMDAwMDAwMH19",
          "dependencies": [
            "module.network.azurerm_network_security_group.nsgs",
            "module.network.azurerm_resource_group.rg",
            "module.network.azurerm_subnet.subnets",
            "module.network.azurerm_virtual_network.vnet"
          ]
        },
        {
          "index_key": "database",
          "schema_version": 0,
          "attributes": {
            "id": "/subscriptions/1121971d-0bc1-4f7c-8422-ce56228056d2/resourceGroups/cloudproj-dev-rg/providers/Microsoft.Network/virtualNetworks/cloudproj-dev-vnet/subnets/database",
            "network_security_group_id": "/subscriptions/1121971d-0bc1-4f7c-8422-ce56228056d2/resourceGroups/cloudproj-dev-rg/providers/Microsoft.Network/networkSecurityGroups/cloudproj-dev-database-nsg",
            "subnet_id": "/subscriptions/1121971d-0bc1-4f7c-8422-ce56228056d2/resourceGroups/cloudproj-dev-rg/providers/Microsoft.Network/virtualNetworks/cloudproj-dev-vnet/subnets/database",
            "timeouts": null
          },
          "sensitive_attributes": [],
          "identity_schema_version": 0,
          "private": "eyJlMmJmYjczMC1lY2FhLTExZTYtOGY4OC0zNDM2M2JjN2M0YzAiOnsiY3JlYXRlIjoxODAwMDAwMDAwMDAwLCJkZWxldGUiOjE4MDAwMDAwMDAwMDAsInJlYWQiOjMwMDAwMDAwMDAwMH19",
          "dependencies": [
            "module.network.azurerm_network_security_group.nsgs",
            "module.network.azurerm_resource_group.rg",
            "module.network.azurerm_subnet.subnets",
            "module.network.azurerm_virtual_network.vnet"
          ]
        },
        {
          "index_key": "public1",
          "schema_version": 0,
          "attributes": {
            "id": "/subscriptions/1121971d-0bc1-4f7c-8422-ce56228056d2/resourceGroups/cloudproj-dev-rg/providers/Microsoft.Network/virtualNetworks/cloudproj-dev-vnet/subnets/public1",
            "network_security_group_id": "/subscriptions/1121971d-0bc1-4f7c-8422-ce56228056d2/resourceGroups/cloudproj-dev-rg/providers/Microsoft.Network/networkSecurityGroups/cloudproj-dev-public1-nsg",
            "subnet_id": "/subscriptions/1121971d-0bc1-4f7c-8422-ce56228056d2/resourceGroups/cloudproj-dev-rg/providers/Microsoft.Network/virtualNetworks/cloudproj-dev-vnet/subnets/public1",
            "timeouts": null
          },
          "sensitive_attributes": [],
          "identity_schema_version": 0,
          "private": "eyJlMmJmYjczMC1lY2FhLTExZTYtOGY4OC0zNDM2M2JjN2M0YzAiOnsiY3JlYXRlIjoxODAwMDAwMDAwMDAwLCJkZWxldGUiOjE4MDAwMDAwMDAwMDAsInJlYWQiOjMwMDAwMDAwMDAwMH19",
          "dependencies": [
            "module.network.azurerm_network_security_group.nsgs",
            "module.network.azurerm_resource_group.rg",
            "module.network.azurerm_subnet.subnets",
            "module.network.azurerm_virtual_network.vnet"
          ]
        },
        {
          "index_key": "public2",
          "schema_version": 0,
          "attributes": {
            "id": "/subscriptions/1121971d-0bc1-4f7c-8422-ce56228056d2/resourceGroups/cloudproj-dev-rg/providers/Microsoft.Network/virtualNetworks/cloudproj-dev-vnet/subnets/public2",
            "network_security_group_id": "/subscriptions/1121971d-0bc1-4f7c-8422-ce56228056d2/resourceGroups/cloudproj-dev-rg/providers/Microsoft.Network/networkSecurityGroups/cloudproj-dev-public2-nsg",
            "subnet_id": "/subscriptions/1121971d-0bc1-4f7c-8422-ce56228056d2/resourceGroups/cloudproj-dev-rg/providers/Microsoft.Network/virtualNetworks/cloudproj-dev-vnet/subnets/public2",
            "timeouts": null
          },
          "sensitive_attributes": [],
          "identity_schema_version": 0,
          "private": "eyJlMmJmYjczMC1lY2FhLTExZTYtOGY4OC0zNDM2M2JjN2M0YzAiOnsiY3JlYXRlIjoxODAwMDAwMDAwMDAwLCJkZWxldGUiOjE4MDAwMDAwMDAwMDAsInJlYWQiOjMwMDAwMDAwMDAwMH19",
          "dependencies": [
            "module.network.azurerm_network_security_group.nsgs",
            "module.network.azurerm_resource_group.rg",
            "module.network.azurerm_subnet.subnets",
            "module.network.azurerm_virtual_network.vnet"
          ]
        }
      ]
    },
    {
      "module": "module.network",
      "mode": "managed",
      "type": "azurerm_subnet_route_table_association",
      "name": "private_assoc",
      "provider": "provider[\"registry.terraform.io/hashicorp/azurerm\"]",
      "instances": [
        {
          "index_key": "aks",
          "schema_version": 0,
          "attributes": {
            "id": "/subscriptions/1121971d-0bc1-4f7c-8422-ce56228056d2/resourceGroups/cloudproj-dev-rg/providers/Microsoft.Network/virtualNetworks/cloudproj-dev-vnet/subnets/aks",
            "route_table_id": "/subscriptions/1121971d-0bc1-4f7c-8422-ce56228056d2/resourceGroups/cloudproj-dev-rg/providers/Microsoft.Network/routeTables/cloudproj-dev-private-rt-1",
            "subnet_id": "/subscriptions/1121971d-0bc1-4f7c-8422-ce56228056d2/resourceGroups/cloudproj-dev-rg/providers/Microsoft.Network/virtualNetworks/cloudproj-dev-vnet/subnets/aks",
            "timeouts": null
          },
          "sensitive_attributes": [],
          "identity_schema_version": 0,
          "private": "eyJlMmJmYjczMC1lY2FhLTExZTYtOGY4OC0zNDM2M2JjN2M0YzAiOnsiY3JlYXRlIjoxODAwMDAwMDAwMDAwLCJkZWxldGUiOjE4MDAwMDAwMDAwMDAsInJlYWQiOjMwMDAwMDAwMDAwMH19",
          "dependencies": [
            "module.network.azurerm_resource_group.rg",
            "module.network.azurerm_route_table.private",
            "module.network.azurerm_subnet.subnets",
            "module.network.azurerm_virtual_network.vnet"
          ]
        },
        {
          "index_key": "database",
          "schema_version": 0,
          "attributes": {
            "id": "/subscriptions/1121971d-0bc1-4f7c-8422-ce56228056d2/resourceGroups/cloudproj-dev-rg/providers/Microsoft.Network/virtualNetworks/cloudproj-dev-vnet/subnets/database",
            "route_table_id": "/subscriptions/1121971d-0bc1-4f7c-8422-ce56228056d2/resourceGroups/cloudproj-dev-rg/providers/Microsoft.Network/routeTables/cloudproj-dev-private-rt-1",
            "subnet_id": "/subscriptions/1121971d-0bc1-4f7c-8422-ce56228056d2/resourceGroups/cloudproj-dev-rg/providers/Microsoft.Network/virtualNetworks/cloudproj-dev-vnet/subnets/database",
            "timeouts": null
          },
          "sensitive_attributes": [],
          "identity_schema_version": 0,
          "private": "eyJlMmJmYjczMC1lY2FhLTExZTYtOGY4OC0zNDM2M2JjN2M0YzAiOnsiY3JlYXRlIjoxODAwMDAwMDAwMDAwLCJkZWxldGUiOjE4MDAwMDAwMDAwMDAsInJlYWQiOjMwMDAwMDAwMDAwMH19",
          "dependencies": [
            "module.network.azurerm_resource_group.rg",
            "module.network.azurerm_route_table.private",
            "module.network.azurerm_subnet.subnets",
            "module.network.azurerm_virtual_network.vnet"
          ]
        }
      ]
    },
    {
      "module": "module.network",
      "mode": "managed",
      "type": "azurerm_virtual_network",
      "name": "vnet",
      "provider": "provider[\"registry.terraform.io/hashicorp/azurerm\"]",
      "instances": [
        {
          "schema_version": 0,
          "attributes": {
            "address_space": [
              "10.10.0.0/16"
            ],
            "bgp_community": "",
            "ddos_protection_plan": [],
            "dns_servers": [],
            "edge_zone": "",
            "encryption": [],
            "flow_timeout_in_minutes": 0,
            "guid": "8f3303c4-0184-4fb8-aa50-4d66ad0abe85",
            "id": "/subscriptions/1121971d-0bc1-4f7c-8422-ce56228056d2/resourceGroups/cloudproj-dev-rg/providers/Microsoft.Network/virtualNetworks/cloudproj-dev-vnet",
            "ip_address_pool": [],
            "location": "australiacentral",
            "name": "cloudproj-dev-vnet",
            "private_endpoint_vnet_policies": "Disabled",
            "resource_group_name": "cloudproj-dev-rg",
            "subnet": [
              {
                "address_prefixes": [
                  "10.10.1.0/24"
                ],
                "default_outbound_access_enabled": true,
                "delegation": [],
                "id": "/subscriptions/1121971d-0bc1-4f7c-8422-ce56228056d2/resourceGroups/cloudproj-dev-rg/providers/Microsoft.Network/virtualNetworks/cloudproj-dev-vnet/subnets/public1",
                "name": "public1",
                "private_endpoint_network_policies": "Disabled",
                "private_link_service_network_policies_enabled": true,
                "route_table_id": "",
                "security_group": "/subscriptions/1121971d-0bc1-4f7c-8422-ce56228056d2/resourceGroups/cloudproj-dev-rg/providers/Microsoft.Network/networkSecurityGroups/cloudproj-dev-public1-nsg",
                "service_endpoint_policy_ids": [],
                "service_endpoints": []
              },
              {
                "address_prefixes": [
                  "10.10.2.0/24"
                ],
                "default_outbound_access_enabled": true,
                "delegation": [],
                "id": "/subscriptions/1121971d-0bc1-4f7c-8422-ce56228056d2/resourceGroups/cloudproj-dev-rg/providers/Microsoft.Network/virtualNetworks/cloudproj-dev-vnet/subnets/public2",
                "name": "public2",
                "private_endpoint_network_policies": "Disabled",
                "private_link_service_network_policies_enabled": true,
                "route_table_id": "",
                "security_group": "/subscriptions/1121971d-0bc1-4f7c-8422-ce56228056d2/resourceGroups/cloudproj-dev-rg/providers/Microsoft.Network/networkSecurityGroups/cloudproj-dev-public2-nsg",
                "service_endpoint_policy_ids": [],
                "service_endpoints": []
              },
              {
                "address_prefixes": [
                  "10.10.3.0/24"
                ],
                "default_outbound_access_enabled": true,
                "delegation": [],
                "id": "/subscriptions/1121971d-0bc1-4f7c-8422-ce56228056d2/resourceGroups/cloudproj-dev-rg/providers/Microsoft.Network/virtualNetworks/cloudproj-dev-vnet/subnets/aks",
                "name": "aks",
                "private_endpoint_network_policies": "Disabled",
                "private_link_service_network_policies_enabled": true,
                "route_table_id": "/subscriptions/1121971d-0bc1-4f7c-8422-ce56228056d2/resourceGroups/cloudproj-dev-rg/providers/Microsoft.Network/routeTables/cloudproj-dev-private-rt-1",
                "security_group": "/subscriptions/1121971d-0bc1-4f7c-8422-ce56228056d2/resourceGroups/cloudproj-dev-rg/providers/Microsoft.Network/networkSecurityGroups/cloudproj-dev-aks-nsg",
                "service_endpoint_policy_ids": [],
                "service_endpoints": []
              },
              {
                "address_prefixes": [
                  "10.10.4.0/24"
                ],
                "default_outbound_access_enabled": true,
                "delegation": [],
                "id": "/subscriptions/1121971d-0bc1-4f7c-8422-ce56228056d2/resourceGroups/cloudproj-dev-rg/providers/Microsoft.Network/virtualNetworks/cloudproj-dev-vnet/subnets/database",
                "name": "database",
                "private_endpoint_network_policies": "Disabled",
                "private_link_service_network_policies_enabled": true,
                "route_table_id": "/subscriptions/1121971d-0bc1-4f7c-8422-ce56228056d2/resourceGroups/cloudproj-dev-rg/providers/Microsoft.Network/routeTables/cloudproj-dev-private-rt-1",
                "security_group": "/subscriptions/1121971d-0bc1-4f7c-8422-ce56228056d2/resourceGroups/cloudproj-dev-rg/providers/Microsoft.Network/networkSecurityGroups/cloudproj-dev-database-nsg",
                "service_endpoint_policy_ids": [],
                "service_endpoints": []
              }
            ],
            "tags": {},
            "timeouts": null
          },
          "sensitive_attributes": [],
          "identity_schema_version": 0,
          "identity": {
            "name": "cloudproj-dev-vnet",
            "resource_group_name": "cloudproj-dev-rg",
            "subscription_id": "1121971d-0bc1-4f7c-8422-ce56228056d2"
          },
          "private": "eyJlMmJmYjczMC1lY2FhLTExZTYtOGY4OC0zNDM2M2JjN2M0YzAiOnsiY3JlYXRlIjoxODAwMDAwMDAwMDAwLCJkZWxldGUiOjE4MDAwMDAwMDAwMDAsInJlYWQiOjMwMDAwMDAwMDAwMCwidXBkYXRlIjoxODAwMDAwMDAwMDAwfX0=",
          "dependencies": [
            "module.network.azurerm_resource_group.rg"
          ]
        }
      ]
    }
  ],
  "check_results": null
}
